
Microsoft Visual Studio Solution File, Format Version 12.00
# Visual Studio Version 16
VisualStudioVersion = 16.0.30804.86
MinimumVisualStudioVersion = 10.0.40219.1
Project("{FAE04EC0-301F-11D3-BF4B-00C04F79EFBC}") = "WICR Estimator", "WICR Estimator\WICR Estimator.csproj", "{D516A4E2-3DFE-4AF8-BE2D-AEA2D0F6124B}"
EndProject
Project("{54435603-DBB4-11D2-8724-00A0C9A8B90C}") = "WICR", "WICRSetup\WICRSetup.vdproj", "{087001A2-B64F-45DF-ACB6-9C6BF6F9E1DA}"
EndProject
Project("{C7167F0D-BC9F-4E6E-AFE1-012C56B48DB5}") = "WICREstimator.Package", "WICREstimator.Package\WICREstimator.Package.wapproj", "{A0E237D6-AFBC-4363-9EE7-66ED2C3E6F17}"
EndProject
Global
	GlobalSection(SolutionConfigurationPlatforms) = preSolution
		Debug|Any CPU = Debug|Any CPU
		Debug|ARM = Debug|ARM
		Debug|ARM64 = Debug|ARM64
		Debug|x64 = Debug|x64
		Debug|x86 = Debug|x86
		Release|Any CPU = Release|Any CPU
		Release|ARM = Release|ARM
		Release|ARM64 = Release|ARM64
		Release|x64 = Release|x64
		Release|x86 = Release|x86
	EndGlobalSection
	GlobalSection(ProjectConfigurationPlatforms) = postSolution
		{D516A4E2-3DFE-4AF8-BE2D-AEA2D0F6124B}.Debug|Any CPU.ActiveCfg = Debug|Any CPU
		{D516A4E2-3DFE-4AF8-BE2D-AEA2D0F6124B}.Debug|Any CPU.Build.0 = Debug|Any CPU
		{D516A4E2-3DFE-4AF8-BE2D-AEA2D0F6124B}.Debug|ARM.ActiveCfg = Debug|Any CPU
		{D516A4E2-3DFE-4AF8-BE2D-AEA2D0F6124B}.Debug|ARM.Build.0 = Debug|Any CPU
		{D516A4E2-3DFE-4AF8-BE2D-AEA2D0F6124B}.Debug|ARM64.ActiveCfg = Debug|Any CPU
		{D516A4E2-3DFE-4AF8-BE2D-AEA2D0F6124B}.Debug|ARM64.Build.0 = Debug|Any CPU
		{D516A4E2-3DFE-4AF8-BE2D-AEA2D0F6124B}.Debug|x64.ActiveCfg = Debug|Any CPU
		{D516A4E2-3DFE-4AF8-BE2D-AEA2D0F6124B}.Debug|x64.Build.0 = Debug|Any CPU
		{D516A4E2-3DFE-4AF8-BE2D-AEA2D0F6124B}.Debug|x86.ActiveCfg = Debug|x86
		{D516A4E2-3DFE-4AF8-BE2D-AEA2D0F6124B}.Debug|x86.Build.0 = Debug|x86
		{D516A4E2-3DFE-4AF8-BE2D-AEA2D0F6124B}.Release|Any CPU.ActiveCfg = Release|Any CPU
		{D516A4E2-3DFE-4AF8-BE2D-AEA2D0F6124B}.Release|Any CPU.Build.0 = Release|Any CPU
		{D516A4E2-3DFE-4AF8-BE2D-AEA2D0F6124B}.Release|ARM.ActiveCfg = Release|Any CPU
		{D516A4E2-3DFE-4AF8-BE2D-AEA2D0F6124B}.Release|ARM.Build.0 = Release|Any CPU
		{D516A4E2-3DFE-4AF8-BE2D-AEA2D0F6124B}.Release|ARM64.ActiveCfg = Release|Any CPU
		{D516A4E2-3DFE-4AF8-BE2D-AEA2D0F6124B}.Release|ARM64.Build.0 = Release|Any CPU
		{D516A4E2-3DFE-4AF8-BE2D-AEA2D0F6124B}.Release|x64.ActiveCfg = Release|Any CPU
		{D516A4E2-3DFE-4AF8-BE2D-AEA2D0F6124B}.Release|x64.Build.0 = Release|Any CPU
		{D516A4E2-3DFE-4AF8-BE2D-AEA2D0F6124B}.Release|x86.ActiveCfg = Release|x86
		{D516A4E2-3DFE-4AF8-BE2D-AEA2D0F6124B}.Release|x86.Build.0 = Release|x86
		{087001A2-B64F-45DF-ACB6-9C6BF6F9E1DA}.Debug|Any CPU.ActiveCfg = Debug
		{087001A2-B64F-45DF-ACB6-9C6BF6F9E1DA}.Debug|ARM.ActiveCfg = Debug
		{087001A2-B64F-45DF-ACB6-9C6BF6F9E1DA}.Debug|ARM64.ActiveCfg = Debug
		{087001A2-B64F-45DF-ACB6-9C6BF6F9E1DA}.Debug|x64.ActiveCfg = Debug
		{087001A2-B64F-45DF-ACB6-9C6BF6F9E1DA}.Debug|x86.ActiveCfg = Debug
		{087001A2-B64F-45DF-ACB6-9C6BF6F9E1DA}.Release|Any CPU.ActiveCfg = Release
		{087001A2-B64F-45DF-ACB6-9C6BF6F9E1DA}.Release|ARM.ActiveCfg = Release
		{087001A2-B64F-45DF-ACB6-9C6BF6F9E1DA}.Release|ARM64.ActiveCfg = Release
		{087001A2-B64F-45DF-ACB6-9C6BF6F9E1DA}.Release|x64.ActiveCfg = Release
		{087001A2-B64F-45DF-ACB6-9C6BF6F9E1DA}.Release|x86.ActiveCfg = Release
		{A0E237D6-AFBC-4363-9EE7-66ED2C3E6F17}.Debug|Any CPU.ActiveCfg = Debug|Any CPU
		{A0E237D6-AFBC-4363-9EE7-66ED2C3E6F17}.Debug|Any CPU.Build.0 = Debug|Any CPU
		{A0E237D6-AFBC-4363-9EE7-66ED2C3E6F17}.Debug|Any CPU.Deploy.0 = Debug|Any CPU
		{A0E237D6-AFBC-4363-9EE7-66ED2C3E6F17}.Debug|ARM.ActiveCfg = Debug|ARM
		{A0E237D6-AFBC-4363-9EE7-66ED2C3E6F17}.Debug|ARM.Build.0 = Debug|ARM
		{A0E237D6-AFBC-4363-9EE7-66ED2C3E6F17}.Debug|ARM.Deploy.0 = Debug|ARM
		{A0E237D6-AFBC-4363-9EE7-66ED2C3E6F17}.Debug|ARM64.ActiveCfg = Debug|ARM64
		{A0E237D6-AFBC-4363-9EE7-66ED2C3E6F17}.Debug|ARM64.Build.0 = Debug|ARM64
		{A0E237D6-AFBC-4363-9EE7-66ED2C3E6F17}.Debug|ARM64.Deploy.0 = Debug|ARM64
		{A0E237D6-AFBC-4363-9EE7-66ED2C3E6F17}.Debug|x64.ActiveCfg = Debug|x64
		{A0E237D6-AFBC-4363-9EE7-66ED2C3E6F17}.Debug|x64.Build.0 = Debug|x64
		{A0E237D6-AFBC-4363-9EE7-66ED2C3E6F17}.Debug|x64.Deploy.0 = Debug|x64
		{A0E237D6-AFBC-4363-9EE7-66ED2C3E6F17}.Debug|x86.ActiveCfg = Debug|x86
		{A0E237D6-AFBC-4363-9EE7-66ED2C3E6F17}.Debug|x86.Build.0 = Debug|x86
		{A0E237D6-AFBC-4363-9EE7-66ED2C3E6F17}.Debug|x86.Deploy.0 = Debug|x86
		{A0E237D6-AFBC-4363-9EE7-66ED2C3E6F17}.Release|Any CPU.ActiveCfg = Release|Any CPU
		{A0E237D6-AFBC-4363-9EE7-66ED2C3E6F17}.Release|Any CPU.Build.0 = Release|Any CPU
		{A0E237D6-AFBC-4363-9EE7-66ED2C3E6F17}.Release|Any CPU.Deploy.0 = Release|Any CPU
		{A0E237D6-AFBC-4363-9EE7-66ED2C3E6F17}.Release|ARM.ActiveCfg = Release|ARM
		{A0E237D6-AFBC-4363-9EE7-66ED2C3E6F17}.Release|ARM.Build.0 = Release|ARM
		{A0E237D6-AFBC-4363-9EE7-66ED2C3E6F17}.Release|ARM.Deploy.0 = Release|ARM
		{A0E237D6-AFBC-4363-9EE7-66ED2C3E6F17}.Release|ARM64.ActiveCfg = Release|ARM64
		{A0E237D6-AFBC-4363-9EE7-66ED2C3E6F17}.Release|ARM64.Build.0 = Release|ARM64
		{A0E237D6-AFBC-4363-9EE7-66ED2C3E6F17}.Release|ARM64.Deploy.0 = Release|ARM64
		{A0E237D6-AFBC-4363-9EE7-66ED2C3E6F17}.Release|x64.ActiveCfg = Release|x64
		{A0E237D6-AFBC-4363-9EE7-66ED2C3E6F17}.Release|x64.Build.0 = Release|x64
		{A0E237D6-AFBC-4363-9EE7-66ED2C3E6F17}.Release|x64.Deploy.0 = Release|x64
		{A0E237D6-AFBC-4363-9EE7-66ED2C3E6F17}.Release|x86.ActiveCfg = Release|x86
		{A0E237D6-AFBC-4363-9EE7-66ED2C3E6F17}.Release|x86.Build.0 = Release|x86
		{A0E237D6-AFBC-4363-9EE7-66ED2C3E6F17}.Release|x86.Deploy.0 = Release|x86
	EndGlobalSection
	GlobalSection(SolutionProperties) = preSolution
		HideSolutionNode = FALSE
	EndGlobalSection
	GlobalSection(ExtensibilityGlobals) = postSolution
		SolutionGuid = {9EA2BC4A-1C5E-4643-87ED-20E7368EF0EA}
	EndGlobalSection
EndGlobal
